{
  "version": "5",
  "remote": {
    "https://edge.netlify.com/": "fd941d61d88673d5f28aab283fb86fcc50f08a3bc80ee5470498fcfa88c65cfb",
    "https://edge.netlify.com/bootstrap/config.ts": "6a2ce0e544e15e8f8883a5c18da5948e37fd0f2619f68cb31f3af53c51817025",
    "https://edge.netlify.com/bootstrap/context.ts": "72496497b40d9e808f419efc764ecb438952a32f61ed94cd54952fc59f17f69d",
    "https://edge.netlify.com/bootstrap/cookie.ts": "8b0baae708989ca183c6f3b4ab3d029e6abcbc2e43f93edeb0ff447b3bbc3a05",
    "https://edge.netlify.com/bootstrap/edge_function.ts": "b8253e86aa83c67341f5cfedeba5049d77fbf84dcab7eceff7566b7728ae9b39",
    "https://edge.netlify.com/bootstrap/globals/types.ts": "eaa6148ded3121d8dee62dd91c86e7fe76601df0f3ca8d7962243a30f4c8935f"
  },
  "workspace": {
    "packageJson": {
      "dependencies": [
        "npm:@datocms/cma-client-browser@2",
        "npm:@datocms/cma-client-node@^2.2.2",
        "npm:@datocms/cma-client@^2.2.6",
        "npm:@fortawesome/fontawesome-svg-core@^6.4.2",
        "npm:@fortawesome/free-solid-svg-icons@^6.4.2",
        "npm:@fortawesome/react-fontawesome@0.2",
        "npm:@netlify/plugin-lighthouse@3",
        "npm:@netlify/plugin-nextjs@^5.14.5",
        "npm:@playwright/test@^1.45.3",
        "npm:@sendgrid/mail@^8.1.5",
        "npm:@sentry/nextjs@^7.54.0",
        "npm:@types/node@^20.12.12",
        "npm:@types/react-dom@^18.3.0",
        "npm:@types/react-mailchimp-subscribe@^2.1.4",
        "npm:@types/react@^18.3.2",
        "npm:auth0-js@^9.19.2",
        "npm:autoprefixer@^10.4.13",
        "npm:buffer@^6.0.3",
        "npm:cuid@^2.1.8",
        "npm:date-format@^4.0.14",
        "npm:dotenv@^16.4.5",
        "npm:fs@0.0.1-security",
        "npm:fuse.js@^6.6.2",
        "npm:graphql-request@5",
        "npm:graphql@^16.6.0",
        "npm:hast-to-hyperscript@^10.0.1",
        "npm:html-react-parser@^3.0.4",
        "npm:json-to-csv-export@^2.1.1",
        "npm:lodash.debounce@^4.0.8",
        "npm:next-auth@^4.18.5",
        "npm:next@^13.5.11",
        "npm:postcss@^8.4.20",
        "npm:prettier@^2.8.1",
        "npm:query-string@^7.1.3",
        "npm:react-datocms@^4.0.7",
        "npm:react-dom@^18.2.0",
        "npm:react-mailchimp-subscribe@^2.1.3",
        "npm:react@^18.2.0",
        "npm:remark-parse@^10.0.1",
        "npm:slugify@^1.6.6",
        "npm:stripe@^11.3.0",
        "npm:styled-jsx@^5.1.7",
        "npm:tailwindcss@^3.2.4",
        "npm:twilio@^5.8.0",
        "npm:typescript-plugin-css-modules@^5.1.0",
        "npm:typescript@^5.4.5",
        "npm:unified@^10.1.2"
      ]
    }
  }
}
